{
  "name": "data_generator",
  "version": "1.0.0",
  "lockfileVersion": 1,
  "requires": true,
  "dependencies": {
    "array-uniq": {
      "version": "1.0.2",
      "resolved": "https://registry.npmjs.org/array-uniq/-/array-uniq-1.0.2.tgz",
      "integrity": "sha1-X8w3OSB3VyPP1k1lxkvvU7+eum0="
    },
    "clamp": {
      "version": "1.0.1",
      "resolved": "https://registry.npmjs.org/clamp/-/clamp-1.0.1.tgz",
      "integrity": "sha1-ZqDmQBGBbjcZaCj9yMjBRzEshjQ="
    },
    "deepcopy": {
      "version": "1.0.0",
      "resolved": "https://registry.npmjs.org/deepcopy/-/deepcopy-1.0.0.tgz",
      "integrity": "sha512-WJrecobaoqqgQHtvRI2/VCzWoWXPAnFYyAkF/spmL46lZMnd0gW0gLGuyeFVSrqt2B3s0oEEj6i+j2L/2QiS4g==",
      "requires": {
        "type-detect": "^4.0.8"
      }
    },
    "is-function": {
      "version": "1.0.1",
      "resolved": "https://registry.npmjs.org/is-function/-/is-function-1.0.1.tgz",
      "integrity": "sha1-Es+5i2W1fdPRk6MSH19uL0N2ArU="
    },
    "is-nil": {
      "version": "1.0.1",
      "resolved": "https://registry.npmjs.org/is-nil/-/is-nil-1.0.1.tgz",
      "integrity": "sha1-LauingtYUGOHXntTnQcfWxWTeWk="
    },
    "is-object": {
      "version": "1.0.1",
      "resolved": "https://registry.npmjs.org/is-object/-/is-object-1.0.1.tgz",
      "integrity": "sha1-iVJojF7C/9awPsyF52ngKQMINHA="
    },
    "is-symbol": {
      "version": "1.0.1",
      "resolved": "https://registry.npmjs.org/is-symbol/-/is-symbol-1.0.1.tgz",
      "integrity": "sha1-PMWfAAJRlLarLjjbrmaJJWtmBXI="
    },
    "knuth-shuffle-seeded": {
      "version": "1.0.6",
      "resolved": "https://registry.npmjs.org/knuth-shuffle-seeded/-/knuth-shuffle-seeded-1.0.6.tgz",
      "integrity": "sha1-AfG2VzOqdUDuCNiwF0Fk0iCB5OE=",
      "requires": {
        "seed-random": "~2.2.0"
      }
    },
    "max-safe-int": {
      "version": "1.0.0",
      "resolved": "https://registry.npmjs.org/max-safe-int/-/max-safe-int-1.0.0.tgz",
      "integrity": "sha1-RPuo7Jk97ZH7LFo15xz5yfNpzlI="
    },
    "random-char": {
      "version": "1.0.4",
      "resolved": "https://registry.npmjs.org/random-char/-/random-char-1.0.4.tgz",
      "integrity": "sha1-X+LJUTTK/MXXvI9Ggx3Db9u9XGY=",
      "requires": {
        "is-nil": "^1.0.1",
        "is-object": "^1.0.1",
        "random-natural": "^1.0.3",
        "to-str": "^1.0.0"
      }
    },
    "random-integral": {
      "version": "1.0.3",
      "resolved": "https://registry.npmjs.org/random-integral/-/random-integral-1.0.3.tgz",
      "integrity": "sha1-j/PBF1ZcmgS2bd1VnzrtKb0PD2w=",
      "requires": {
        "clamp": "^1.0.1",
        "max-safe-int": "^1.0.0",
        "to-integer": "^1.0.1"
      }
    },
    "random-natural": {
      "version": "1.0.3",
      "resolved": "https://registry.npmjs.org/random-natural/-/random-natural-1.0.3.tgz",
      "integrity": "sha1-7yhhWwPCy3Gq6/fyT0hyZqRDxcA=",
      "requires": {
        "max-safe-int": "^1.0.0",
        "random-integral": "^1.0.3"
      }
    },
    "randomstring": {
      "version": "1.1.5",
      "resolved": "https://registry.npmjs.org/randomstring/-/randomstring-1.1.5.tgz",
      "integrity": "sha1-bfBij3XL1ZMpMNn+OrTpVqGFGMM=",
      "requires": {
        "array-uniq": "1.0.2"
      }
    },
    "seed-random": {
      "version": "2.2.0",
      "resolved": "https://registry.npmjs.org/seed-random/-/seed-random-2.2.0.tgz",
      "integrity": "sha1-KpsZ4lCoFwmSMaW5mk2vgLf77VQ="
    },
    "to-integer": {
      "version": "1.0.1",
      "resolved": "https://registry.npmjs.org/to-integer/-/to-integer-1.0.1.tgz",
      "integrity": "sha1-URrUHc5qk3MKjztuNaFk/YKUZNo=",
      "requires": {
        "is-function": "^1.0.1",
        "is-nil": "^1.0.0",
        "is-object": "^1.0.1",
        "is-symbol": "^1.0.1"
      }
    },
    "to-str": {
      "version": "1.0.0",
      "resolved": "https://registry.npmjs.org/to-str/-/to-str-1.0.0.tgz",
      "integrity": "sha1-kDQkj1b0OYBMH9RaPL6Bley2CPE=",
      "requires": {
        "is-function": "^1.0.1",
        "is-nil": "^1.0.0",
        "is-object": "^1.0.1",
        "is-symbol": "^1.0.1"
      }
    },
    "type-detect": {
      "version": "4.0.8",
      "resolved": "https://registry.npmjs.org/type-detect/-/type-detect-4.0.8.tgz",
      "integrity": "sha512-0fr/mIH1dlO+x7TlcMy+bIDqKPsw/70tVyeHW787goQjhmqaZe10uwLujubK9q9Lg6Fiho1KUKDYz0Z7k7g5/g=="
    }
  }
}
